// !$*UTF8*$!
{
	archiveVersion = 1;
	classes = {
	};
	objectVersion = 46;
	objects = {

/* Begin PBXBuildFile section */
		D37EB71E150135CB00682DBD /* AQGridView.m in Sources */ = {isa = PBXBuildFile; fileRef = D37EB708150135CB00682DBD /* AQGridView.m */; };
		D37EB71F150135CB00682DBD /* AQGridViewAnimatorItem.m in Sources */ = {isa = PBXBuildFile; fileRef = D37EB70C150135CB00682DBD /* AQGridViewAnimatorItem.m */; };
		D37EB720150135CB00682DBD /* AQGridViewCell.m in Sources */ = {isa = PBXBuildFile; fileRef = D37EB70E150135CB00682DBD /* AQGridViewCell.m */; };
		D37EB721150135CB00682DBD /* AQGridViewController.m in Sources */ = {isa = PBXBuildFile; fileRef = D37EB711150135CB00682DBD /* AQGridViewController.m */; };
		D37EB722150135CB00682DBD /* AQGridViewData.m in Sources */ = {isa = PBXBuildFile; fileRef = D37EB713150135CB00682DBD /* AQGridViewData.m */; };
		D37EB723150135CB00682DBD /* AQGridViewUpdateInfo.m in Sources */ = {isa = PBXBuildFile; fileRef = D37EB715150135CB00682DBD /* AQGridViewUpdateInfo.m */; };
		D37EB724150135CB00682DBD /* AQGridViewUpdateItem.m in Sources */ = {isa = PBXBuildFile; fileRef = D37EB717150135CB00682DBD /* AQGridViewUpdateItem.m */; };
		D37EB725150135CB00682DBD /* NSIndexSet+AQIndexesOutsideSet.m in Sources */ = {isa = PBXBuildFile; fileRef = D37EB719150135CB00682DBD /* NSIndexSet+AQIndexesOutsideSet.m */; };
		D37EB726150135CB00682DBD /* NSIndexSet+AQIsSetContiguous.m in Sources */ = {isa = PBXBuildFile; fileRef = D37EB71B150135CB00682DBD /* NSIndexSet+AQIsSetContiguous.m */; };
		D37EB727150135CB00682DBD /* UIColor+AQGridView.m in Sources */ = {isa = PBXBuildFile; fileRef = D37EB71D150135CB00682DBD /* UIColor+AQGridView.m */; };
		D37EB7361501361200682DBD /* NSData+ZSAdditions.m in Sources */ = {isa = PBXBuildFile; fileRef = D37EB7291501361200682DBD /* NSData+ZSAdditions.m */; };
		D37EB7371501361200682DBD /* NSString+ZSAdditions.m in Sources */ = {isa = PBXBuildFile; fileRef = D37EB72B1501361200682DBD /* NSString+ZSAdditions.m */; };
		D37EB7391501361200682DBD /* ZSAssetManager.m in Sources */ = {isa = PBXBuildFile; fileRef = D37EB72F1501361200682DBD /* ZSAssetManager.m */; };
		D37EB73B1501361200682DBD /* ZSReachability.m in Sources */ = {isa = PBXBuildFile; fileRef = D37EB7331501361200682DBD /* ZSReachability.m */; };
		D37EB73C1501361200682DBD /* ZSURLConnectionDelegate.m in Sources */ = {isa = PBXBuildFile; fileRef = D37EB7351501361200682DBD /* ZSURLConnectionDelegate.m */; };
		D37EB74F1501378900682DBD /* SystemConfiguration.framework in Frameworks */ = {isa = PBXBuildFile; fileRef = D37EB74E1501378900682DBD /* SystemConfiguration.framework */; };
		D37EB751150137CB00682DBD /* QuartzCore.framework in Frameworks */ = {isa = PBXBuildFile; fileRef = D37EB750150137CB00682DBD /* QuartzCore.framework */; };
		D387A84F14FD93F800C87719 /* UIKit.framework in Frameworks */ = {isa = PBXBuildFile; fileRef = D387A84E14FD93F800C87719 /* UIKit.framework */; };
		D387A85114FD93F800C87719 /* Foundation.framework in Frameworks */ = {isa = PBXBuildFile; fileRef = D387A85014FD93F800C87719 /* Foundation.framework */; };
		D387A85314FD93F800C87719 /* CoreGraphics.framework in Frameworks */ = {isa = PBXBuildFile; fileRef = D387A85214FD93F800C87719 /* CoreGraphics.framework */; };
		D387A85514FD93F800C87719 /* CoreData.framework in Frameworks */ = {isa = PBXBuildFile; fileRef = D387A85414FD93F800C87719 /* CoreData.framework */; };
		D387A85B14FD93F800C87719 /* InfoPlist.strings in Resources */ = {isa = PBXBuildFile; fileRef = D387A85914FD93F800C87719 /* InfoPlist.strings */; };
		D387A85D14FD93F800C87719 /* main.m in Sources */ = {isa = PBXBuildFile; fileRef = D387A85C14FD93F800C87719 /* main.m */; };
		D387A86114FD93F800C87719 /* AppDelegate.m in Sources */ = {isa = PBXBuildFile; fileRef = D387A86014FD93F800C87719 /* AppDelegate.m */; };
		D387A86414FD93F800C87719 /* ExpBkOffTest.xcdatamodeld in Sources */ = {isa = PBXBuildFile; fileRef = D387A86214FD93F800C87719 /* ExpBkOffTest.xcdatamodeld */; };
		D387A86714FD93F800C87719 /* MasterViewController.m in Sources */ = {isa = PBXBuildFile; fileRef = D387A86614FD93F800C87719 /* MasterViewController.m */; };
		D387A86A14FD93F800C87719 /* DetailViewController.m in Sources */ = {isa = PBXBuildFile; fileRef = D387A86914FD93F800C87719 /* DetailViewController.m */; };
		D387A86D14FD93F800C87719 /* MasterViewController_iPhone.xib in Resources */ = {isa = PBXBuildFile; fileRef = D387A86B14FD93F800C87719 /* MasterViewController_iPhone.xib */; };
		D387A87014FD93F800C87719 /* MasterViewController_iPad.xib in Resources */ = {isa = PBXBuildFile; fileRef = D387A86E14FD93F800C87719 /* MasterViewController_iPad.xib */; };
		D387A87314FD93F800C87719 /* DetailViewController_iPhone.xib in Resources */ = {isa = PBXBuildFile; fileRef = D387A87114FD93F800C87719 /* DetailViewController_iPhone.xib */; };
		D387A87614FD93F800C87719 /* DetailViewController_iPad.xib in Resources */ = {isa = PBXBuildFile; fileRef = D387A87414FD93F800C87719 /* DetailViewController_iPad.xib */; };
		D387A87E14FD93F800C87719 /* SenTestingKit.framework in Frameworks */ = {isa = PBXBuildFile; fileRef = D387A87D14FD93F800C87719 /* SenTestingKit.framework */; };
		D387A87F14FD93F800C87719 /* UIKit.framework in Frameworks */ = {isa = PBXBuildFile; fileRef = D387A84E14FD93F800C87719 /* UIKit.framework */; };
		D387A88014FD93F800C87719 /* Foundation.framework in Frameworks */ = {isa = PBXBuildFile; fileRef = D387A85014FD93F800C87719 /* Foundation.framework */; };
		D387A88114FD93F800C87719 /* CoreData.framework in Frameworks */ = {isa = PBXBuildFile; fileRef = D387A85414FD93F800C87719 /* CoreData.framework */; };
		D387A88914FD93F800C87719 /* InfoPlist.strings in Resources */ = {isa = PBXBuildFile; fileRef = D387A88714FD93F800C87719 /* InfoPlist.strings */; };
		D387A88C14FD93F800C87719 /* ExpBkOffTestTests.m in Sources */ = {isa = PBXBuildFile; fileRef = D387A88B14FD93F800C87719 /* ExpBkOffTestTests.m */; };
		D397BD5C1507019B002ABD70 /* JSONKit.m in Sources */ = {isa = PBXBuildFile; fileRef = D397BD5B1507019B002ABD70 /* JSONKit.m */; };
		D397BD8B1507B930002ABD70 /* NSString+PDRegex.m in Sources */ = {isa = PBXBuildFile; fileRef = D397BD8A1507B930002ABD70 /* NSString+PDRegex.m */; };
		D3BFE2A1150966F600D7ED10 /* GridImageCell.m in Sources */ = {isa = PBXBuildFile; fileRef = D3BFE2A0150966F600D7ED10 /* GridImageCell.m */; };
		D3BFE2BA1509C24200D7ED10 /* Thumbnail.m in Sources */ = {isa = PBXBuildFile; fileRef = D3BFE2B91509C24200D7ED10 /* Thumbnail.m */; };
		D3BFE2BD1509C2E500D7ED10 /* Tag.m in Sources */ = {isa = PBXBuildFile; fileRef = D3BFE2BC1509C2E500D7ED10 /* Tag.m */; };
/* End PBXBuildFile section */

/* Begin PBXContainerItemProxy section */
		D387A88214FD93F800C87719 /* PBXContainerItemProxy */ = {
			isa = PBXContainerItemProxy;
			containerPortal = D387A84114FD93F700C87719 /* Project object */;
			proxyType = 1;
			remoteGlobalIDString = D387A84914FD93F800C87719;
			remoteInfo = ExpBkOffTest;
		};
/* End PBXContainerItemProxy section */

/* Begin PBXFileReference section */
		D37EB707150135CB00682DBD /* AQGridView.h */ = {isa = PBXFileReference; fileEncoding = 4; lastKnownFileType = sourcecode.c.h; name = AQGridView.h; path = external/AQGridView/Classes/AQGridView.h; sourceTree = "<group>"; };
		D37EB708150135CB00682DBD /* AQGridView.m */ = {isa = PBXFileReference; fileEncoding = 4; lastKnownFileType = sourcecode.c.objc; lineEnding = 0; name = AQGridView.m; path = external/AQGridView/Classes/AQGridView.m; sourceTree = "<group>"; xcLanguageSpecificationIdentifier = xcode.lang.objc; };
		D37EB709150135CB00682DBD /* AQGridView+CellLayout.h */ = {isa = PBXFileReference; fileEncoding = 4; lastKnownFileType = sourcecode.c.h; name = "AQGridView+CellLayout.h"; path = "external/AQGridView/Classes/AQGridView+CellLayout.h"; sourceTree = "<group>"; };
		D37EB70A150135CB00682DBD /* AQGridView+CellLocationDelegation.h */ = {isa = PBXFileReference; fileEncoding = 4; lastKnownFileType = sourcecode.c.h; name = "AQGridView+CellLocationDelegation.h"; path = "external/AQGridView/Classes/AQGridView+CellLocationDelegation.h"; sourceTree = "<group>"; };
		D37EB70B150135CB00682DBD /* AQGridViewAnimatorItem.h */ = {isa = PBXFileReference; fileEncoding = 4; lastKnownFileType = sourcecode.c.h; name = AQGridViewAnimatorItem.h; path = external/AQGridView/Classes/AQGridViewAnimatorItem.h; sourceTree = "<group>"; };
		D37EB70C150135CB00682DBD /* AQGridViewAnimatorItem.m */ = {isa = PBXFileReference; fileEncoding = 4; lastKnownFileType = sourcecode.c.objc; name = AQGridViewAnimatorItem.m; path = external/AQGridView/Classes/AQGridViewAnimatorItem.m; sourceTree = "<group>"; };
		D37EB70D150135CB00682DBD /* AQGridViewCell.h */ = {isa = PBXFileReference; fileEncoding = 4; lastKnownFileType = sourcecode.c.h; name = AQGridViewCell.h; path = external/AQGridView/Classes/AQGridViewCell.h; sourceTree = "<group>"; };
		D37EB70E150135CB00682DBD /* AQGridViewCell.m */ = {isa = PBXFileReference; fileEncoding = 4; lastKnownFileType = sourcecode.c.objc; name = AQGridViewCell.m; path = external/AQGridView/Classes/AQGridViewCell.m; sourceTree = "<group>"; };
		D37EB70F150135CB00682DBD /* AQGridViewCell+AQGridViewCellPrivate.h */ = {isa = PBXFileReference; fileEncoding = 4; lastKnownFileType = sourcecode.c.h; name = "AQGridViewCell+AQGridViewCellPrivate.h"; path = "external/AQGridView/Classes/AQGridViewCell+AQGridViewCellPrivate.h"; sourceTree = "<group>"; };
		D37EB710150135CB00682DBD /* AQGridViewController.h */ = {isa = PBXFileReference; fileEncoding = 4; lastKnownFileType = sourcecode.c.h; name = AQGridViewController.h; path = external/AQGridView/Classes/AQGridViewController.h; sourceTree = "<group>"; };
		D37EB711150135CB00682DBD /* AQGridViewController.m */ = {isa = PBXFileReference; fileEncoding = 4; lastKnownFileType = sourcecode.c.objc; name = AQGridViewController.m; path = external/AQGridView/Classes/AQGridViewController.m; sourceTree = "<group>"; };
		D37EB712150135CB00682DBD /* AQGridViewData.h */ = {isa = PBXFileReference; fileEncoding = 4; lastKnownFileType = sourcecode.c.h; name = AQGridViewData.h; path = external/AQGridView/Classes/AQGridViewData.h; sourceTree = "<group>"; };
		D37EB713150135CB00682DBD /* AQGridViewData.m */ = {isa = PBXFileReference; fileEncoding = 4; lastKnownFileType = sourcecode.c.objc; name = AQGridViewData.m; path = external/AQGridView/Classes/AQGridViewData.m; sourceTree = "<group>"; };
		D37EB714150135CB00682DBD /* AQGridViewUpdateInfo.h */ = {isa = PBXFileReference; fileEncoding = 4; lastKnownFileType = sourcecode.c.h; name = AQGridViewUpdateInfo.h; path = external/AQGridView/Classes/AQGridViewUpdateInfo.h; sourceTree = "<group>"; };
		D37EB715150135CB00682DBD /* AQGridViewUpdateInfo.m */ = {isa = PBXFileReference; fileEncoding = 4; lastKnownFileType = sourcecode.c.objc; name = AQGridViewUpdateInfo.m; path = external/AQGridView/Classes/AQGridViewUpdateInfo.m; sourceTree = "<group>"; };
		D37EB716150135CB00682DBD /* AQGridViewUpdateItem.h */ = {isa = PBXFileReference; fileEncoding = 4; lastKnownFileType = sourcecode.c.h; name = AQGridViewUpdateItem.h; path = external/AQGridView/Classes/AQGridViewUpdateItem.h; sourceTree = "<group>"; };
		D37EB717150135CB00682DBD /* AQGridViewUpdateItem.m */ = {isa = PBXFileReference; fileEncoding = 4; lastKnownFileType = sourcecode.c.objc; name = AQGridViewUpdateItem.m; path = external/AQGridView/Classes/AQGridViewUpdateItem.m; sourceTree = "<group>"; };
		D37EB718150135CB00682DBD /* NSIndexSet+AQIndexesOutsideSet.h */ = {isa = PBXFileReference; fileEncoding = 4; lastKnownFileType = sourcecode.c.h; name = "NSIndexSet+AQIndexesOutsideSet.h"; path = "external/AQGridView/Classes/NSIndexSet+AQIndexesOutsideSet.h"; sourceTree = "<group>"; };
		D37EB719150135CB00682DBD /* NSIndexSet+AQIndexesOutsideSet.m */ = {isa = PBXFileReference; fileEncoding = 4; lastKnownFileType = sourcecode.c.objc; name = "NSIndexSet+AQIndexesOutsideSet.m"; path = "external/AQGridView/Classes/NSIndexSet+AQIndexesOutsideSet.m"; sourceTree = "<group>"; };
		D37EB71A150135CB00682DBD /* NSIndexSet+AQIsSetContiguous.h */ = {isa = PBXFileReference; fileEncoding = 4; lastKnownFileType = sourcecode.c.h; name = "NSIndexSet+AQIsSetContiguous.h"; path = "external/AQGridView/Classes/NSIndexSet+AQIsSetContiguous.h"; sourceTree = "<group>"; };
		D37EB71B150135CB00682DBD /* NSIndexSet+AQIsSetContiguous.m */ = {isa = PBXFileReference; fileEncoding = 4; lastKnownFileType = sourcecode.c.objc; name = "NSIndexSet+AQIsSetContiguous.m"; path = "external/AQGridView/Classes/NSIndexSet+AQIsSetContiguous.m"; sourceTree = "<group>"; };
		D37EB71C150135CB00682DBD /* UIColor+AQGridView.h */ = {isa = PBXFileReference; fileEncoding = 4; lastKnownFileType = sourcecode.c.h; name = "UIColor+AQGridView.h"; path = "external/AQGridView/Classes/UIColor+AQGridView.h"; sourceTree = "<group>"; };
		D37EB71D150135CB00682DBD /* UIColor+AQGridView.m */ = {isa = PBXFileReference; fileEncoding = 4; lastKnownFileType = sourcecode.c.objc; name = "UIColor+AQGridView.m"; path = "external/AQGridView/Classes/UIColor+AQGridView.m"; sourceTree = "<group>"; };
		D37EB7281501361200682DBD /* NSData+ZSAdditions.h */ = {isa = PBXFileReference; fileEncoding = 4; lastKnownFileType = sourcecode.c.h; name = "NSData+ZSAdditions.h"; path = "external/ZDS_Shared/NSData+ZSAdditions.h"; sourceTree = "<group>"; };
		D37EB7291501361200682DBD /* NSData+ZSAdditions.m */ = {isa = PBXFileReference; fileEncoding = 4; lastKnownFileType = sourcecode.c.objc; name = "NSData+ZSAdditions.m"; path = "external/ZDS_Shared/NSData+ZSAdditions.m"; sourceTree = "<group>"; };
		D37EB72A1501361200682DBD /* NSString+ZSAdditions.h */ = {isa = PBXFileReference; fileEncoding = 4; lastKnownFileType = sourcecode.c.h; name = "NSString+ZSAdditions.h"; path = "external/ZDS_Shared/NSString+ZSAdditions.h"; sourceTree = "<group>"; };
		D37EB72B1501361200682DBD /* NSString+ZSAdditions.m */ = {isa = PBXFileReference; fileEncoding = 4; lastKnownFileType = sourcecode.c.objc; name = "NSString+ZSAdditions.m"; path = "external/ZDS_Shared/NSString+ZSAdditions.m"; sourceTree = "<group>"; };
		D37EB72E1501361200682DBD /* ZSAssetManager.h */ = {isa = PBXFileReference; fileEncoding = 4; lastKnownFileType = sourcecode.c.h; name = ZSAssetManager.h; path = external/ZDS_Shared/ZSAssetManager.h; sourceTree = "<group>"; };
		D37EB72F1501361200682DBD /* ZSAssetManager.m */ = {isa = PBXFileReference; fileEncoding = 4; lastKnownFileType = sourcecode.c.objc; name = ZSAssetManager.m; path = external/ZDS_Shared/ZSAssetManager.m; sourceTree = "<group>"; };
		D37EB7321501361200682DBD /* ZSReachability.h */ = {isa = PBXFileReference; fileEncoding = 4; lastKnownFileType = sourcecode.c.h; name = ZSReachability.h; path = external/ZDS_Shared/ZSReachability.h; sourceTree = "<group>"; };
		D37EB7331501361200682DBD /* ZSReachability.m */ = {isa = PBXFileReference; fileEncoding = 4; lastKnownFileType = sourcecode.c.objc; name = ZSReachability.m; path = external/ZDS_Shared/ZSReachability.m; sourceTree = "<group>"; };
		D37EB7341501361200682DBD /* ZSURLConnectionDelegate.h */ = {isa = PBXFileReference; fileEncoding = 4; lastKnownFileType = sourcecode.c.h; name = ZSURLConnectionDelegate.h; path = external/ZDS_Shared/ZSURLConnectionDelegate.h; sourceTree = "<group>"; };
		D37EB7351501361200682DBD /* ZSURLConnectionDelegate.m */ = {isa = PBXFileReference; fileEncoding = 4; lastKnownFileType = sourcecode.c.objc; name = ZSURLConnectionDelegate.m; path = external/ZDS_Shared/ZSURLConnectionDelegate.m; sourceTree = "<group>"; };
		D37EB73D1501368500682DBD /* ZSConstants.h */ = {isa = PBXFileReference; fileEncoding = 4; lastKnownFileType = sourcecode.c.h; name = ZSConstants.h; path = external/ZDS_Shared/ZSConstants.h; sourceTree = "<group>"; };
		D37EB74E1501378900682DBD /* SystemConfiguration.framework */ = {isa = PBXFileReference; lastKnownFileType = wrapper.framework; name = SystemConfiguration.framework; path = System/Library/Frameworks/SystemConfiguration.framework; sourceTree = SDKROOT; };
		D37EB750150137CB00682DBD /* QuartzCore.framework */ = {isa = PBXFileReference; lastKnownFileType = wrapper.framework; name = QuartzCore.framework; path = System/Library/Frameworks/QuartzCore.framework; sourceTree = SDKROOT; };
		D387A84A14FD93F800C87719 /* ExpBkOffTest.app */ = {isa = PBXFileReference; explicitFileType = wrapper.application; includeInIndex = 0; path = ExpBkOffTest.app; sourceTree = BUILT_PRODUCTS_DIR; };
		D387A84E14FD93F800C87719 /* UIKit.framework */ = {isa = PBXFileReference; lastKnownFileType = wrapper.framework; name = UIKit.framework; path = System/Library/Frameworks/UIKit.framework; sourceTree = SDKROOT; };
		D387A85014FD93F800C87719 /* Foundation.framework */ = {isa = PBXFileReference; lastKnownFileType = wrapper.framework; name = Foundation.framework; path = System/Library/Frameworks/Foundation.framework; sourceTree = SDKROOT; };
		D387A85214FD93F800C87719 /* CoreGraphics.framework */ = {isa = PBXFileReference; lastKnownFileType = wrapper.framework; name = CoreGraphics.framework; path = System/Library/Frameworks/CoreGraphics.framework; sourceTree = SDKROOT; };
		D387A85414FD93F800C87719 /* CoreData.framework */ = {isa = PBXFileReference; lastKnownFileType = wrapper.framework; name = CoreData.framework; path = System/Library/Frameworks/CoreData.framework; sourceTree = SDKROOT; };
		D387A85814FD93F800C87719 /* ExpBkOffTest-Info.plist */ = {isa = PBXFileReference; lastKnownFileType = text.plist.xml; path = "ExpBkOffTest-Info.plist"; sourceTree = "<group>"; };
		D387A85A14FD93F800C87719 /* en */ = {isa = PBXFileReference; lastKnownFileType = text.plist.strings; name = en; path = en.lproj/InfoPlist.strings; sourceTree = "<group>"; };
		D387A85C14FD93F800C87719 /* main.m */ = {isa = PBXFileReference; lastKnownFileType = sourcecode.c.objc; path = main.m; sourceTree = "<group>"; };
		D387A85E14FD93F800C87719 /* ExpBkOffTest-Prefix.pch */ = {isa = PBXFileReference; lastKnownFileType = sourcecode.c.h; path = "ExpBkOffTest-Prefix.pch"; sourceTree = "<group>"; };
		D387A85F14FD93F800C87719 /* AppDelegate.h */ = {isa = PBXFileReference; lastKnownFileType = sourcecode.c.h; path = AppDelegate.h; sourceTree = "<group>"; };
		D387A86014FD93F800C87719 /* AppDelegate.m */ = {isa = PBXFileReference; lastKnownFileType = sourcecode.c.objc; path = AppDelegate.m; sourceTree = "<group>"; };
		D387A86314FD93F800C87719 /* ExpBkOffTest.xcdatamodel */ = {isa = PBXFileReference; lastKnownFileType = wrapper.xcdatamodel; path = ExpBkOffTest.xcdatamodel; sourceTree = "<group>"; };
		D387A86514FD93F800C87719 /* MasterViewController.h */ = {isa = PBXFileReference; lastKnownFileType = sourcecode.c.h; path = MasterViewController.h; sourceTree = "<group>"; };
		D387A86614FD93F800C87719 /* MasterViewController.m */ = {isa = PBXFileReference; lastKnownFileType = sourcecode.c.objc; path = MasterViewController.m; sourceTree = "<group>"; };
		D387A86814FD93F800C87719 /* DetailViewController.h */ = {isa = PBXFileReference; lastKnownFileType = sourcecode.c.h; path = DetailViewController.h; sourceTree = "<group>"; };
		D387A86914FD93F800C87719 /* DetailViewController.m */ = {isa = PBXFileReference; lastKnownFileType = sourcecode.c.objc; path = DetailViewController.m; sourceTree = "<group>"; };
		D387A86C14FD93F800C87719 /* en */ = {isa = PBXFileReference; lastKnownFileType = file.xib; name = en; path = en.lproj/MasterViewController_iPhone.xib; sourceTree = "<group>"; };
		D387A86F14FD93F800C87719 /* en */ = {isa = PBXFileReference; lastKnownFileType = file.xib; name = en; path = en.lproj/MasterViewController_iPad.xib; sourceTree = "<group>"; };
		D387A87214FD93F800C87719 /* en */ = {isa = PBXFileReference; lastKnownFileType = file.xib; name = en; path = en.lproj/DetailViewController_iPhone.xib; sourceTree = "<group>"; };
		D387A87514FD93F800C87719 /* en */ = {isa = PBXFileReference; lastKnownFileType = file.xib; name = en; path = en.lproj/DetailViewController_iPad.xib; sourceTree = "<group>"; };
		D387A87C14FD93F800C87719 /* ExpBkOffTestTests.octest */ = {isa = PBXFileReference; explicitFileType = wrapper.cfbundle; includeInIndex = 0; path = ExpBkOffTestTests.octest; sourceTree = BUILT_PRODUCTS_DIR; };
		D387A87D14FD93F800C87719 /* SenTestingKit.framework */ = {isa = PBXFileReference; lastKnownFileType = wrapper.framework; name = SenTestingKit.framework; path = Library/Frameworks/SenTestingKit.framework; sourceTree = DEVELOPER_DIR; };
		D387A88614FD93F800C87719 /* ExpBkOffTestTests-Info.plist */ = {isa = PBXFileReference; lastKnownFileType = text.plist.xml; path = "ExpBkOffTestTests-Info.plist"; sourceTree = "<group>"; };
		D387A88814FD93F800C87719 /* en */ = {isa = PBXFileReference; lastKnownFileType = text.plist.strings; name = en; path = en.lproj/InfoPlist.strings; sourceTree = "<group>"; };
		D387A88A14FD93F800C87719 /* ExpBkOffTestTests.h */ = {isa = PBXFileReference; lastKnownFileType = sourcecode.c.h; path = ExpBkOffTestTests.h; sourceTree = "<group>"; };
		D387A88B14FD93F800C87719 /* ExpBkOffTestTests.m */ = {isa = PBXFileReference; lastKnownFileType = sourcecode.c.objc; path = ExpBkOffTestTests.m; sourceTree = "<group>"; };
		D397BD5A1507019B002ABD70 /* JSONKit.h */ = {isa = PBXFileReference; fileEncoding = 4; lastKnownFileType = sourcecode.c.h; name = JSONKit.h; path = external/JSONKit/JSONKit.h; sourceTree = "<group>"; };
		D397BD5B1507019B002ABD70 /* JSONKit.m */ = {isa = PBXFileReference; fileEncoding = 4; lastKnownFileType = sourcecode.c.objc; name = JSONKit.m; path = external/JSONKit/JSONKit.m; sourceTree = "<group>"; };
		D397BD891507B930002ABD70 /* NSString+PDRegex.h */ = {isa = PBXFileReference; fileEncoding = 4; lastKnownFileType = sourcecode.c.h; name = "NSString+PDRegex.h"; path = "external/RegexOnNSString/RegexOnNSString/NSString+PDRegex.h"; sourceTree = "<group>"; };
		D397BD8A1507B930002ABD70 /* NSString+PDRegex.m */ = {isa = PBXFileReference; fileEncoding = 4; lastKnownFileType = sourcecode.c.objc; name = "NSString+PDRegex.m"; path = "external/RegexOnNSString/RegexOnNSString/NSString+PDRegex.m"; sourceTree = "<group>"; };
		D3BFE29F150966F600D7ED10 /* GridImageCell.h */ = {isa = PBXFileReference; fileEncoding = 4; lastKnownFileType = sourcecode.c.h; path = GridImageCell.h; sourceTree = "<group>"; };
		D3BFE2A0150966F600D7ED10 /* GridImageCell.m */ = {isa = PBXFileReference; fileEncoding = 4; lastKnownFileType = sourcecode.c.objc; lineEnding = 0; path = GridImageCell.m; sourceTree = "<group>"; xcLanguageSpecificationIdentifier = xcode.lang.objc; };
		D3BFE2B81509C24200D7ED10 /* Thumbnail.h */ = {isa = PBXFileReference; fileEncoding = 4; lastKnownFileType = sourcecode.c.h; path = Thumbnail.h; sourceTree = "<group>"; };
		D3BFE2B91509C24200D7ED10 /* Thumbnail.m */ = {isa = PBXFileReference; fileEncoding = 4; lastKnownFileType = sourcecode.c.objc; path = Thumbnail.m; sourceTree = "<group>"; };
		D3BFE2BB1509C2E500D7ED10 /* Tag.h */ = {isa = PBXFileReference; fileEncoding = 4; lastKnownFileType = sourcecode.c.h; path = Tag.h; sourceTree = "<group>"; };
		D3BFE2BC1509C2E500D7ED10 /* Tag.m */ = {isa = PBXFileReference; fileEncoding = 4; lastKnownFileType = sourcecode.c.objc; path = Tag.m; sourceTree = "<group>"; };
/* End PBXFileReference section */

/* Begin PBXFrameworksBuildPhase section */
		D387A84714FD93F800C87719 /* Frameworks */ = {
			isa = PBXFrameworksBuildPhase;
			buildActionMask = 2147483647;
			files = (
				D37EB751150137CB00682DBD /* QuartzCore.framework in Frameworks */,
				D37EB74F1501378900682DBD /* SystemConfiguration.framework in Frameworks */,
				D387A84F14FD93F800C87719 /* UIKit.framework in Frameworks */,
				D387A85114FD93F800C87719 /* Foundation.framework in Frameworks */,
				D387A85314FD93F800C87719 /* CoreGraphics.framework in Frameworks */,
				D387A85514FD93F800C87719 /* CoreData.framework in Frameworks */,
			);
			runOnlyForDeploymentPostprocessing = 0;
		};
		D387A87814FD93F800C87719 /* Frameworks */ = {
			isa = PBXFrameworksBuildPhase;
			buildActionMask = 2147483647;
			files = (
				D387A87E14FD93F800C87719 /* SenTestingKit.framework in Frameworks */,
				D387A87F14FD93F800C87719 /* UIKit.framework in Frameworks */,
				D387A88014FD93F800C87719 /* Foundation.framework in Frameworks */,
				D387A88114FD93F800C87719 /* CoreData.framework in Frameworks */,
			);
			runOnlyForDeploymentPostprocessing = 0;
		};
/* End PBXFrameworksBuildPhase section */

/* Begin PBXGroup section */
		D37EB7041501357A00682DBD /* External */ = {
			isa = PBXGroup;
			children = (
				D397BD881507B917002ABD70 /* RegexOnNSString */,
				D397BD5915070188002ABD70 /* JSONKit */,
				D37EB7051501358800682DBD /* AQGridView */,
				D37EB7061501359200682DBD /* ZDS_Shared */,
			);
			name = External;
			sourceTree = "<group>";
		};
		D37EB7051501358800682DBD /* AQGridView */ = {
			isa = PBXGroup;
			children = (
				D37EB707150135CB00682DBD /* AQGridView.h */,
				D37EB708150135CB00682DBD /* AQGridView.m */,
				D37EB709150135CB00682DBD /* AQGridView+CellLayout.h */,
				D37EB70A150135CB00682DBD /* AQGridView+CellLocationDelegation.h */,
				D37EB70B150135CB00682DBD /* AQGridViewAnimatorItem.h */,
				D37EB70C150135CB00682DBD /* AQGridViewAnimatorItem.m */,
				D37EB70D150135CB00682DBD /* AQGridViewCell.h */,
				D37EB70E150135CB00682DBD /* AQGridViewCell.m */,
				D37EB70F150135CB00682DBD /* AQGridViewCell+AQGridViewCellPrivate.h */,
				D37EB710150135CB00682DBD /* AQGridViewController.h */,
				D37EB711150135CB00682DBD /* AQGridViewController.m */,
				D37EB712150135CB00682DBD /* AQGridViewData.h */,
				D37EB713150135CB00682DBD /* AQGridViewData.m */,
				D37EB714150135CB00682DBD /* AQGridViewUpdateInfo.h */,
				D37EB715150135CB00682DBD /* AQGridViewUpdateInfo.m */,
				D37EB716150135CB00682DBD /* AQGridViewUpdateItem.h */,
				D37EB717150135CB00682DBD /* AQGridViewUpdateItem.m */,
				D37EB718150135CB00682DBD /* NSIndexSet+AQIndexesOutsideSet.h */,
				D37EB719150135CB00682DBD /* NSIndexSet+AQIndexesOutsideSet.m */,
				D37EB71A150135CB00682DBD /* NSIndexSet+AQIsSetContiguous.h */,
				D37EB71B150135CB00682DBD /* NSIndexSet+AQIsSetContiguous.m */,
				D37EB71C150135CB00682DBD /* UIColor+AQGridView.h */,
				D37EB71D150135CB00682DBD /* UIColor+AQGridView.m */,
			);
			name = AQGridView;
			sourceTree = "<group>";
		};
		D37EB7061501359200682DBD /* ZDS_Shared */ = {
			isa = PBXGroup;
			children = (
				D37EB73D1501368500682DBD /* ZSConstants.h */,
				D37EB7281501361200682DBD /* NSData+ZSAdditions.h */,
				D37EB7291501361200682DBD /* NSData+ZSAdditions.m */,
				D37EB72A1501361200682DBD /* NSString+ZSAdditions.h */,
				D37EB72B1501361200682DBD /* NSString+ZSAdditions.m */,
				D37EB72E1501361200682DBD /* ZSAssetManager.h */,
				D37EB72F1501361200682DBD /* ZSAssetManager.m */,
				D37EB7321501361200682DBD /* ZSReachability.h */,
				D37EB7331501361200682DBD /* ZSReachability.m */,
				D37EB7341501361200682DBD /* ZSURLConnectionDelegate.h */,
				D37EB7351501361200682DBD /* ZSURLConnectionDelegate.m */,
			);
			name = ZDS_Shared;
			sourceTree = "<group>";
		};
		D387A83F14FD93F700C87719 = {
			isa = PBXGroup;
			children = (
				D387A85614FD93F800C87719 /* ExpBkOffTest */,
				D387A88414FD93F800C87719 /* ExpBkOffTestTests */,
				D37EB7041501357A00682DBD /* External */,
				D387A84D14FD93F800C87719 /* Frameworks */,
				D387A84B14FD93F800C87719 /* Products */,
			);
			sourceTree = "<group>";
		};
		D387A84B14FD93F800C87719 /* Products */ = {
			isa = PBXGroup;
			children = (
				D387A84A14FD93F800C87719 /* ExpBkOffTest.app */,
				D387A87C14FD93F800C87719 /* ExpBkOffTestTests.octest */,
			);
			name = Products;
			sourceTree = "<group>";
		};
		D387A84D14FD93F800C87719 /* Frameworks */ = {
			isa = PBXGroup;
			children = (
				D387A84E14FD93F800C87719 /* UIKit.framework */,
				D387A85014FD93F800C87719 /* Foundation.framework */,
				D37EB750150137CB00682DBD /* QuartzCore.framework */,
				D387A85214FD93F800C87719 /* CoreGraphics.framework */,
				D387A85414FD93F800C87719 /* CoreData.framework */,
				D37EB74E1501378900682DBD /* SystemConfiguration.framework */,
				D387A87D14FD93F800C87719 /* SenTestingKit.framework */,
			);
			name = Frameworks;
			sourceTree = "<group>";
		};
		D387A85614FD93F800C87719 /* ExpBkOffTest */ = {
			isa = PBXGroup;
			children = (
				D3BFE29E150966B800D7ED10 /* Views/Cells */,
				D3BFE280150933BC00D7ED10 /* Controllers */,
				D3BFE27F150933AB00D7ED10 /* Models */,
				D387A85F14FD93F800C87719 /* AppDelegate.h */,
				D387A86014FD93F800C87719 /* AppDelegate.m */,
				D387A86214FD93F800C87719 /* ExpBkOffTest.xcdatamodeld */,
				D387A85714FD93F800C87719 /* Supporting Files */,
			);
			path = ExpBkOffTest;
			sourceTree = "<group>";
		};
		D387A85714FD93F800C87719 /* Supporting Files */ = {
			isa = PBXGroup;
			children = (
				D387A85814FD93F800C87719 /* ExpBkOffTest-Info.plist */,
				D387A85914FD93F800C87719 /* InfoPlist.strings */,
				D387A85C14FD93F800C87719 /* main.m */,
				D387A85E14FD93F800C87719 /* ExpBkOffTest-Prefix.pch */,
			);
			name = "Supporting Files";
			sourceTree = "<group>";
		};
		D387A88414FD93F800C87719 /* ExpBkOffTestTests */ = {
			isa = PBXGroup;
			children = (
				D387A88A14FD93F800C87719 /* ExpBkOffTestTests.h */,
				D387A88B14FD93F800C87719 /* ExpBkOffTestTests.m */,
				D387A88514FD93F800C87719 /* Supporting Files */,
			);
			path = ExpBkOffTestTests;
			sourceTree = "<group>";
		};
		D387A88514FD93F800C87719 /* Supporting Files */ = {
			isa = PBXGroup;
			children = (
				D387A88614FD93F800C87719 /* ExpBkOffTestTests-Info.plist */,
				D387A88714FD93F800C87719 /* InfoPlist.strings */,
			);
			name = "Supporting Files";
			sourceTree = "<group>";
		};
		D397BD5915070188002ABD70 /* JSONKit */ = {
			isa = PBXGroup;
			children = (
				D397BD5A1507019B002ABD70 /* JSONKit.h */,
				D397BD5B1507019B002ABD70 /* JSONKit.m */,
			);
			name = JSONKit;
			sourceTree = "<group>";
		};
		D397BD881507B917002ABD70 /* RegexOnNSString */ = {
			isa = PBXGroup;
			children = (
				D397BD891507B930002ABD70 /* NSString+PDRegex.h */,
				D397BD8A1507B930002ABD70 /* NSString+PDRegex.m */,
			);
			name = RegexOnNSString;
			sourceTree = "<group>";
		};
		D3BFE27F150933AB00D7ED10 /* Models */ = {
			isa = PBXGroup;
			children = (
				D3BFE2B81509C24200D7ED10 /* Thumbnail.h */,
				D3BFE2B91509C24200D7ED10 /* Thumbnail.m */,
				D3BFE2BB1509C2E500D7ED10 /* Tag.h */,
				D3BFE2BC1509C2E500D7ED10 /* Tag.m */,
			);
			name = Models;
			sourceTree = "<group>";
		};
		D3BFE280150933BC00D7ED10 /* Controllers */ = {
			isa = PBXGroup;
			children = (
				D387A86514FD93F800C87719 /* MasterViewController.h */,
				D387A86614FD93F800C87719 /* MasterViewController.m */,
				D387A86814FD93F800C87719 /* DetailViewController.h */,
				D387A86914FD93F800C87719 /* DetailViewController.m */,
				D387A86B14FD93F800C87719 /* MasterViewController_iPhone.xib */,
				D387A86E14FD93F800C87719 /* MasterViewController_iPad.xib */,
				D387A87114FD93F800C87719 /* DetailViewController_iPhone.xib */,
				D387A87414FD93F800C87719 /* DetailViewController_iPad.xib */,
			);
			name = Controllers;
			sourceTree = "<group>";
		};
		D3BFE29E150966B800D7ED10 /* Views/Cells */ = {
			isa = PBXGroup;
			children = (
				D3BFE29F150966F600D7ED10 /* GridImageCell.h */,
				D3BFE2A0150966F600D7ED10 /* GridImageCell.m */,
			);
			name = Views/Cells;
			sourceTree = "<group>";
		};
/* End PBXGroup section */

/* Begin PBXNativeTarget section */
		D387A84914FD93F800C87719 /* ExpBkOffTest */ = {
			isa = PBXNativeTarget;
			buildConfigurationList = D387A88F14FD93F800C87719 /* Build configuration list for PBXNativeTarget "ExpBkOffTest" */;
			buildPhases = (
				D387A84614FD93F800C87719 /* Sources */,
				D387A84714FD93F800C87719 /* Frameworks */,
				D387A84814FD93F800C87719 /* Resources */,
			);
			buildRules = (
			);
			dependencies = (
			);
			name = ExpBkOffTest;
			productName = ExpBkOffTest;
			productReference = D387A84A14FD93F800C87719 /* ExpBkOffTest.app */;
			productType = "com.apple.product-type.application";
		};
		D387A87B14FD93F800C87719 /* ExpBkOffTestTests */ = {
			isa = PBXNativeTarget;
			buildConfigurationList = D387A89214FD93F800C87719 /* Build configuration list for PBXNativeTarget "ExpBkOffTestTests" */;
			buildPhases = (
				D387A87714FD93F800C87719 /* Sources */,
				D387A87814FD93F800C87719 /* Frameworks */,
				D387A87914FD93F800C87719 /* Resources */,
				D387A87A14FD93F800C87719 /* ShellScript */,
			);
			buildRules = (
			);
			dependencies = (
				D387A88314FD93F800C87719 /* PBXTargetDependency */,
			);
			name = ExpBkOffTestTests;
			productName = ExpBkOffTestTests;
			productReference = D387A87C14FD93F800C87719 /* ExpBkOffTestTests.octest */;
			productType = "com.apple.product-type.bundle";
		};
/* End PBXNativeTarget section */

/* Begin PBXProject section */
		D387A84114FD93F700C87719 /* Project object */ = {
			isa = PBXProject;
			attributes = {
				LastUpgradeCheck = 0430;
				ORGANIZATIONNAME = "PDAgent, LLC";
			};
			buildConfigurationList = D387A84414FD93F700C87719 /* Build configuration list for PBXProject "ExpBkOffTest" */;
			compatibilityVersion = "Xcode 3.2";
			developmentRegion = English;
			hasScannedForEncodings = 0;
			knownRegions = (
				en,
			);
			mainGroup = D387A83F14FD93F700C87719;
			productRefGroup = D387A84B14FD93F800C87719 /* Products */;
			projectDirPath = "";
			projectRoot = "";
			targets = (
				D387A84914FD93F800C87719 /* ExpBkOffTest */,
				D387A87B14FD93F800C87719 /* ExpBkOffTestTests */,
			);
		};
/* End PBXProject section */

/* Begin PBXResourcesBuildPhase section */
		D387A84814FD93F800C87719 /* Resources */ = {
			isa = PBXResourcesBuildPhase;
			buildActionMask = 2147483647;
			files = (
				D387A85B14FD93F800C87719 /* InfoPlist.strings in Resources */,
				D387A86D14FD93F800C87719 /* MasterViewController_iPhone.xib in Resources */,
				D387A87014FD93F800C87719 /* MasterViewController_iPad.xib in Resources */,
				D387A87314FD93F800C87719 /* DetailViewController_iPhone.xib in Resources */,
				D387A87614FD93F800C87719 /* DetailViewController_iPad.xib in Resources */,
			);
			runOnlyForDeploymentPostprocessing = 0;
		};
		D387A87914FD93F800C87719 /* Resources */ = {
			isa = PBXResourcesBuildPhase;
			buildActionMask = 2147483647;
			files = (
				D387A88914FD93F800C87719 /* InfoPlist.strings in Resources */,
			);
			runOnlyForDeploymentPostprocessing = 0;
		};
/* End PBXResourcesBuildPhase section */

/* Begin PBXShellScriptBuildPhase section */
		D387A87A14FD93F800C87719 /* ShellScript */ = {
			isa = PBXShellScriptBuildPhase;
			buildActionMask = 2147483647;
			files = (
			);
			inputPaths = (
			);
			outputPaths = (
			);
			runOnlyForDeploymentPostprocessing = 0;
			shellPath = /bin/sh;
			shellScript = "# Run the unit tests in this test bundle.\n\"${SYSTEM_DEVELOPER_DIR}/Tools/RunUnitTests\"\n";
		};
/* End PBXShellScriptBuildPhase section */

/* Begin PBXSourcesBuildPhase section */
		D387A84614FD93F800C87719 /* Sources */ = {
			isa = PBXSourcesBuildPhase;
			buildActionMask = 2147483647;
			files = (
				D387A85D14FD93F800C87719 /* main.m in Sources */,
				D387A86114FD93F800C87719 /* AppDelegate.m in Sources */,
				D387A86414FD93F800C87719 /* ExpBkOffTest.xcdatamodeld in Sources */,
				D387A86714FD93F800C87719 /* MasterViewController.m in Sources */,
				D387A86A14FD93F800C87719 /* DetailViewController.m in Sources */,
				D37EB71E150135CB00682DBD /* AQGridView.m in Sources */,
				D37EB71F150135CB00682DBD /* AQGridViewAnimatorItem.m in Sources */,
				D37EB720150135CB00682DBD /* AQGridViewCell.m in Sources */,
				D37EB721150135CB00682DBD /* AQGridViewController.m in Sources */,
				D37EB722150135CB00682DBD /* AQGridViewData.m in Sources */,
				D37EB723150135CB00682DBD /* AQGridViewUpdateInfo.m in Sources */,
				D37EB724150135CB00682DBD /* AQGridViewUpdateItem.m in Sources */,
				D37EB725150135CB00682DBD /* NSIndexSet+AQIndexesOutsideSet.m in Sources */,
				D37EB726150135CB00682DBD /* NSIndexSet+AQIsSetContiguous.m in Sources */,
				D37EB727150135CB00682DBD /* UIColor+AQGridView.m in Sources */,
				D37EB7361501361200682DBD /* NSData+ZSAdditions.m in Sources */,
				D37EB7371501361200682DBD /* NSString+ZSAdditions.m in Sources */,
				D37EB7391501361200682DBD /* ZSAssetManager.m in Sources */,
				D37EB73B1501361200682DBD /* ZSReachability.m in Sources */,
				D37EB73C1501361200682DBD /* ZSURLConnectionDelegate.m in Sources */,
				D397BD5C1507019B002ABD70 /* JSONKit.m in Sources */,
				D397BD8B1507B930002ABD70 /* NSString+PDRegex.m in Sources */,
				D3BFE2A1150966F600D7ED10 /* GridImageCell.m in Sources */,
				D3BFE2BA1509C24200D7ED10 /* Thumbnail.m in Sources */,
				D3BFE2BD1509C2E500D7ED10 /* Tag.m in Sources */,
			);
			runOnlyForDeploymentPostprocessing = 0;
		};
		D387A87714FD93F800C87719 /* Sources */ = {
			isa = PBXSourcesBuildPhase;
			buildActionMask = 2147483647;
			files = (
				D387A88C14FD93F800C87719 /* ExpBkOffTestTests.m in Sources */,
			);
			runOnlyForDeploymentPostprocessing = 0;
		};
/* End PBXSourcesBuildPhase section */

/* Begin PBXTargetDependency section */
		D387A88314FD93F800C87719 /* PBXTargetDependency */ = {
			isa = PBXTargetDependency;
			target = D387A84914FD93F800C87719 /* ExpBkOffTest */;
			targetProxy = D387A88214FD93F800C87719 /* PBXContainerItemProxy */;
		};
/* End PBXTargetDependency section */

/* Begin PBXVariantGroup section */
		D387A85914FD93F800C87719 /* InfoPlist.strings */ = {
			isa = PBXVariantGroup;
			children = (
				D387A85A14FD93F800C87719 /* en */,
			);
			name = InfoPlist.strings;
			sourceTree = "<group>";
		};
		D387A86B14FD93F800C87719 /* MasterViewController_iPhone.xib */ = {
			isa = PBXVariantGroup;
			children = (
				D387A86C14FD93F800C87719 /* en */,
			);
			name = MasterViewController_iPhone.xib;
			sourceTree = "<group>";
		};
		D387A86E14FD93F800C87719 /* MasterViewController_iPad.xib */ = {
			isa = PBXVariantGroup;
			children = (
				D387A86F14FD93F800C87719 /* en */,
			);
			name = MasterViewController_iPad.xib;
			sourceTree = "<group>";
		};
		D387A87114FD93F800C87719 /* DetailViewController_iPhone.xib */ = {
			isa = PBXVariantGroup;
			children = (
				D387A87214FD93F800C87719 /* en */,
			);
			name = DetailViewController_iPhone.xib;
			sourceTree = "<group>";
		};
		D387A87414FD93F800C87719 /* DetailViewController_iPad.xib */ = {
			isa = PBXVariantGroup;
			children = (
				D387A87514FD93F800C87719 /* en */,
			);
			name = DetailViewController_iPad.xib;
			sourceTree = "<group>";
		};
		D387A88714FD93F800C87719 /* InfoPlist.strings */ = {
			isa = PBXVariantGroup;
			children = (
				D387A88814FD93F800C87719 /* en */,
			);
			name = InfoPlist.strings;
			sourceTree = "<group>";
		};
/* End PBXVariantGroup section */

/* Begin XCBuildConfiguration section */
		D387A88D14FD93F800C87719 /* Debug */ = {
			isa = XCBuildConfiguration;
			buildSettings = {
				ALWAYS_SEARCH_USER_PATHS = NO;
				ARCHS = "$(ARCHS_STANDARD_32_BIT)";
				"CODE_SIGN_IDENTITY[sdk=iphoneos*]" = "iPhone Developer";
				COPY_PHASE_STRIP = NO;
				GCC_C_LANGUAGE_STANDARD = gnu99;
				GCC_DYNAMIC_NO_PIC = NO;
				GCC_OPTIMIZATION_LEVEL = 0;
				GCC_PREPROCESSOR_DEFINITIONS = (
					"DEBUG=1",
					"$(inherited)",
				);
				GCC_SYMBOLS_PRIVATE_EXTERN = NO;
				GCC_VERSION = com.apple.compilers.llvm.clang.1_0;
				GCC_WARN_ABOUT_RETURN_TYPE = YES;
				GCC_WARN_UNINITIALIZED_AUTOS = YES;
				GCC_WARN_UNUSED_VARIABLE = YES;
				IPHONEOS_DEPLOYMENT_TARGET = 5.0;
				SDKROOT = iphoneos;
				TARGETED_DEVICE_FAMILY = "1,2";
			};
			name = Debug;
		};
		D387A88E14FD93F800C87719 /* Release */ = {
			isa = XCBuildConfiguration;
			buildSettings = {
				ALWAYS_SEARCH_USER_PATHS = NO;
				ARCHS = "$(ARCHS_STANDARD_32_BIT)";
				"CODE_SIGN_IDENTITY[sdk=iphoneos*]" = "iPhone Developer";
				COPY_PHASE_STRIP = YES;
				GCC_C_LANGUAGE_STANDARD = gnu99;
				GCC_VERSION = com.apple.compilers.llvm.clang.1_0;
				GCC_WARN_ABOUT_RETURN_TYPE = YES;
				GCC_WARN_UNINITIALIZED_AUTOS = YES;
				GCC_WARN_UNUSED_VARIABLE = YES;
				IPHONEOS_DEPLOYMENT_TARGET = 5.0;
				OTHER_CFLAGS = "-DNS_BLOCK_ASSERTIONS=1";
				SDKROOT = iphoneos;
				TARGETED_DEVICE_FAMILY = "1,2";
				VALIDATE_PRODUCT = YES;
			};
			name = Release;
		};
		D387A89014FD93F800C87719 /* Debug */ = {
			isa = XCBuildConfiguration;
			buildSettings = {
				GCC_PRECOMPILE_PREFIX_HEADER = YES;
				GCC_PREFIX_HEADER = "ExpBkOffTest/ExpBkOffTest-Prefix.pch";
				INFOPLIST_FILE = "ExpBkOffTest/ExpBkOffTest-Info.plist";
				IPHONEOS_DEPLOYMENT_TARGET = 5.0;
				LIBRARY_SEARCH_PATHS = (
					"$(inherited)",
					"\"$(SRCROOT)/external/ZDS_Shared/FJImporter/YAJL-1.0.9\"",
				);
				PRODUCT_NAME = "$(TARGET_NAME)";
				WRAPPER_EXTENSION = app;
			};
			name = Debug;
		};
		D387A89114FD93F800C87719 /* Release */ = {
			isa = XCBuildConfiguration;
			buildSettings = {
				GCC_PRECOMPILE_PREFIX_HEADER = YES;
				GCC_PREFIX_HEADER = "ExpBkOffTest/ExpBkOffTest-Prefix.pch";
				INFOPLIST_FILE = "ExpBkOffTest/ExpBkOffTest-Info.plist";
				IPHONEOS_DEPLOYMENT_TARGET = 5.0;
				LIBRARY_SEARCH_PATHS = (
					"$(inherited)",
					"\"$(SRCROOT)/external/ZDS_Shared/FJImporter/YAJL-1.0.9\"",
				);
				PRODUCT_NAME = "$(TARGET_NAME)";
				WRAPPER_EXTENSION = app;
			};
			name = Release;
		};
		D387A89314FD93F800C87719 /* Debug */ = {
			isa = XCBuildConfiguration;
			buildSettings = {
				BUNDLE_LOADER = "$(BUILT_PRODUCTS_DIR)/ExpBkOffTest.app/ExpBkOffTest";
				FRAMEWORK_SEARCH_PATHS = (
					"$(SDKROOT)/Developer/Library/Frameworks",
					"$(DEVELOPER_LIBRARY_DIR)/Frameworks",
				);
				GCC_PRECOMPILE_PREFIX_HEADER = YES;
				GCC_PREFIX_HEADER = "ExpBkOffTest/ExpBkOffTest-Prefix.pch";
				INFOPLIST_FILE = "ExpBkOffTestTests/ExpBkOffTestTests-Info.plist";
				PRODUCT_NAME = "$(TARGET_NAME)";
				TEST_HOST = "$(BUNDLE_LOADER)";
				WRAPPER_EXTENSION = octest;
			};
			name = Debug;
		};
		D387A89414FD93F800C87719 /* Release */ = {
			isa = XCBuildConfiguration;
			buildSettings = {
				BUNDLE_LOADER = "$(BUILT_PRODUCTS_DIR)/ExpBkOffTest.app/ExpBkOffTest";
				FRAMEWORK_SEARCH_PATHS = (
					"$(SDKROOT)/Developer/Library/Frameworks",
					"$(DEVELOPER_LIBRARY_DIR)/Frameworks",
				);
				GCC_PRECOMPILE_PREFIX_HEADER = YES;
				GCC_PREFIX_HEADER = "ExpBkOffTest/ExpBkOffTest-Prefix.pch";
				INFOPLIST_FILE = "ExpBkOffTestTests/ExpBkOffTestTests-Info.plist";
				PRODUCT_NAME = "$(TARGET_NAME)";
				TEST_HOST = "$(BUNDLE_LOADER)";
				WRAPPER_EXTENSION = octest;
			};
			name = Release;
		};
/* End XCBuildConfiguration section */

/* Begin XCConfigurationList section */
		D387A84414FD93F700C87719 /* Build configuration list for PBXProject "ExpBkOffTest" */ = {
			isa = XCConfigurationList;
			buildConfigurations = (
				D387A88D14FD93F800C87719 /* Debug */,
				D387A88E14FD93F800C87719 /* Release */,
			);
			defaultConfigurationIsVisible = 0;
			defaultConfigurationName = Release;
		};
		D387A88F14FD93F800C87719 /* Build configuration list for PBXNativeTarget "ExpBkOffTest" */ = {
			isa = XCConfigurationList;
			buildConfigurations = (
				D387A89014FD93F800C87719 /* Debug */,
				D387A89114FD93F800C87719 /* Release */,
			);
			defaultConfigurationIsVisible = 0;
			defaultConfigurationName = Release;
		};
		D387A89214FD93F800C87719 /* Build configuration list for PBXNativeTarget "ExpBkOffTestTests" */ = {
			isa = XCConfigurationList;
			buildConfigurations = (
				D387A89314FD93F800C87719 /* Debug */,
				D387A89414FD93F800C87719 /* Release */,
			);
			defaultConfigurationIsVisible = 0;
			defaultConfigurationName = Release;
		};
/* End XCConfigurationList section */

/* Begin XCVersionGroup section */
		D387A86214FD93F800C87719 /* ExpBkOffTest.xcdatamodeld */ = {
			isa = XCVersionGroup;
			children = (
				D387A86314FD93F800C87719 /* ExpBkOffTest.xcdatamodel */,
			);
			currentVersion = D387A86314FD93F800C87719 /* ExpBkOffTest.xcdatamodel */;
			path = ExpBkOffTest.xcdatamodeld;
			sourceTree = "<group>";
			versionGroupType = wrapper.xcdatamodel;
		};
/* End XCVersionGroup section */
	};
	rootObject = D387A84114FD93F700C87719 /* Project object */;
}
